
Microsoft Visual Studio Solution File, Format Version 12.00
# Visual Studio Version 16
VisualStudioVersion = 16.0.31005.135
MinimumVisualStudioVersion = 10.0.40219.1
Project("{888888A0-9F3D-457C-B088-3A5042F75D52}") = "Class Assesment1", "Class Assesment1\Class Assesment1.pyproj", "{4AE071BA-096C-413C-A7F7-5C15612F0140}"
EndProject
Global
	GlobalSection(SolutionConfigurationPlatforms) = preSolution
		Debug|Any CPU = Debug|Any CPU
		Release|Any CPU = Release|Any CPU
	EndGlobalSection
	GlobalSection(ProjectConfigurationPlatforms) = postSolution
		{4AE071BA-096C-413C-A7F7-5C15612F0140}.Debug|Any CPU.ActiveCfg = Debug|Any CPU
		{4AE071BA-096C-413C-A7F7-5C15612F0140}.Release|Any CPU.ActiveCfg = Release|Any CPU
	EndGlobalSection
	GlobalSection(SolutionProperties) = preSolution
		HideSolutionNode = FALSE
	EndGlobalSection
	GlobalSection(ExtensibilityGlobals) = postSolution
		SolutionGuid = {B70C6AE7-C17A-41EB-AA2F-B395E383F054}
	EndGlobalSection
EndGlobal
